
Microsoft Visual Studio Solution File, Format Version 12.00
# Visual Studio Version 16
VisualStudioVersion = 16.0.30717.126
MinimumVisualStudioVersion = 10.0.40219.1
Project("{8BC9CEB8-8B4A-11D0-8D11-00A0C91BC942}") = "GBN_server", "GBN_server.vcxproj", "{2C723B66-7044-4E82-A628-C68DDD967F65}"
EndProject
Global
	GlobalSection(SolutionConfigurationPlatforms) = preSolution
		Debug|x64 = Debug|x64
		Debug|x86 = Debug|x86
		Release|x64 = Release|x64
		Release|x86 = Release|x86
	EndGlobalSection
	GlobalSection(ProjectConfigurationPlatforms) = postSolution
		{2C723B66-7044-4E82-A628-C68DDD967F65}.Debug|x64.ActiveCfg = Debug|x64
		{2C723B66-7044-4E82-A628-C68DDD967F65}.Debug|x64.Build.0 = Debug|x64
		{2C723B66-7044-4E82-A628-C68DDD967F65}.Debug|x86.ActiveCfg = Debug|Win32
		{2C723B66-7044-4E82-A628-C68DDD967F65}.Debug|x86.Build.0 = Debug|Win32
		{2C723B66-7044-4E82-A628-C68DDD967F65}.Release|x64.ActiveCfg = Release|x64
		{2C723B66-7044-4E82-A628-C68DDD967F65}.Release|x64.Build.0 = Release|x64
		{2C723B66-7044-4E82-A628-C68DDD967F65}.Release|x86.ActiveCfg = Release|Win32
		{2C723B66-7044-4E82-A628-C68DDD967F65}.Release|x86.Build.0 = Release|Win32
	EndGlobalSection
	GlobalSection(SolutionProperties) = preSolution
		HideSolutionNode = FALSE
	EndGlobalSection
	GlobalSection(ExtensibilityGlobals) = postSolution
		SolutionGuid = {7E7D466D-5E73-4A83-9BF4-6938AE50ABF2}
	EndGlobalSection
EndGlobal
